// !$*UTF8*$!
{
	archiveVersion = 1;
	classes = {
	};
	objectVersion = 50;
	objects = {

/* Begin PBXBuildFile section */
		016E61C849BF9C1900FC88BF /* Pods_SkylineTest.framework in Frameworks */ = {isa = PBXBuildFile; fileRef = 339DED624FC60B4EA562A1BA /* Pods_SkylineTest.framework */; };
		991CC24A2102112A00C8E965 /* AppDelegate.swift in Sources */ = {isa = PBXBuildFile; fileRef = 991CC2492102112A00C8E965 /* AppDelegate.swift */; };
		991CC2512102112E00C8E965 /* Assets.xcassets in Resources */ = {isa = PBXBuildFile; fileRef = 991CC2502102112E00C8E965 /* Assets.xcassets */; };
		991CC2542102112E00C8E965 /* LaunchScreen.storyboard in Resources */ = {isa = PBXBuildFile; fileRef = 991CC2522102112E00C8E965 /* LaunchScreen.storyboard */; };
		991CC25C2102117300C8E965 /* DataManager.swift in Sources */ = {isa = PBXBuildFile; fileRef = 991CC25B2102117300C8E965 /* DataManager.swift */; };
		991CC25E2102118700C8E965 /* Router.swift in Sources */ = {isa = PBXBuildFile; fileRef = 991CC25D2102118700C8E965 /* Router.swift */; };
		991CC260210211CB00C8E965 /* Travel.swift in Sources */ = {isa = PBXBuildFile; fileRef = 991CC25F210211CB00C8E965 /* Travel.swift */; };
		991CC262210211DF00C8E965 /* TravelViewModel.swift in Sources */ = {isa = PBXBuildFile; fileRef = 991CC261210211DF00C8E965 /* TravelViewModel.swift */; };
		991CC267210212C900C8E965 /* TravelViewController.swift in Sources */ = {isa = PBXBuildFile; fileRef = 991CC265210212C900C8E965 /* TravelViewController.swift */; };
		991CC268210212C900C8E965 /* TravelViewController.xib in Resources */ = {isa = PBXBuildFile; fileRef = 991CC266210212C900C8E965 /* TravelViewController.xib */; };
		991CC26A2102131700C8E965 /* BaseNavigationController.swift in Sources */ = {isa = PBXBuildFile; fileRef = 991CC2692102131700C8E965 /* BaseNavigationController.swift */; };
		991CC26C2102135900C8E965 /* TravelNavigationController.swift in Sources */ = {isa = PBXBuildFile; fileRef = 991CC26B2102135900C8E965 /* TravelNavigationController.swift */; };
		991CC27021025BD000C8E965 /* LoadingView.swift in Sources */ = {isa = PBXBuildFile; fileRef = 991CC26F21025BD000C8E965 /* LoadingView.swift */; };
		9972ABE021033AE900425A60 /* TravelImageCell.swift in Sources */ = {isa = PBXBuildFile; fileRef = 9972ABDE21033AE900425A60 /* TravelImageCell.swift */; };
		9972ABE121033AE900425A60 /* TravelImageCell.xib in Resources */ = {isa = PBXBuildFile; fileRef = 9972ABDF21033AE900425A60 /* TravelImageCell.xib */; };
		99AB60632103AF7C0093BEAF /* TravelDetailViewController.swift in Sources */ = {isa = PBXBuildFile; fileRef = 99AB60612103AF7C0093BEAF /* TravelDetailViewController.swift */; };
		99AB60642103AF7C0093BEAF /* TravelDetailViewController.xib in Resources */ = {isa = PBXBuildFile; fileRef = 99AB60622103AF7C0093BEAF /* TravelDetailViewController.xib */; };
		99AB60712104AF7F0093BEAF /* Protocols.swift in Sources */ = {isa = PBXBuildFile; fileRef = 99AB60702104AF7F0093BEAF /* Protocols.swift */; };
		99BAB25A21031963001F9FC1 /* DarkNavigationController.swift in Sources */ = {isa = PBXBuildFile; fileRef = 99BAB25921031963001F9FC1 /* DarkNavigationController.swift */; };
		99BAB26021031CCC001F9FC1 /* TravelTitleCell.swift in Sources */ = {isa = PBXBuildFile; fileRef = 99BAB25E21031CCC001F9FC1 /* TravelTitleCell.swift */; };
		99BAB26121031CCC001F9FC1 /* TravelTitleCell.xib in Resources */ = {isa = PBXBuildFile; fileRef = 99BAB25F21031CCC001F9FC1 /* TravelTitleCell.xib */; };
		99BAB26721031D8D001F9FC1 /* Extensions.swift in Sources */ = {isa = PBXBuildFile; fileRef = 99BAB26621031D8D001F9FC1 /* Extensions.swift */; };
/* End PBXBuildFile section */

/* Begin PBXFileReference section */
		339DED624FC60B4EA562A1BA /* Pods_SkylineTest.framework */ = {isa = PBXFileReference; explicitFileType = wrapper.framework; includeInIndex = 0; path = Pods_SkylineTest.framework; sourceTree = BUILT_PRODUCTS_DIR; };
		991CC2462102112A00C8E965 /* SkylineTest.app */ = {isa = PBXFileReference; explicitFileType = wrapper.application; includeInIndex = 0; path = SkylineTest.app; sourceTree = BUILT_PRODUCTS_DIR; };
		991CC2492102112A00C8E965 /* AppDelegate.swift */ = {isa = PBXFileReference; lastKnownFileType = sourcecode.swift; path = AppDelegate.swift; sourceTree = "<group>"; };
		991CC2502102112E00C8E965 /* Assets.xcassets */ = {isa = PBXFileReference; lastKnownFileType = folder.assetcatalog; path = Assets.xcassets; sourceTree = "<group>"; };
		991CC2532102112E00C8E965 /* Base */ = {isa = PBXFileReference; lastKnownFileType = file.storyboard; name = Base; path = Base.lproj/LaunchScreen.storyboard; sourceTree = "<group>"; };
		991CC2552102112E00C8E965 /* Info.plist */ = {isa = PBXFileReference; lastKnownFileType = text.plist.xml; path = Info.plist; sourceTree = "<group>"; };
		991CC25B2102117300C8E965 /* DataManager.swift */ = {isa = PBXFileReference; lastKnownFileType = sourcecode.swift; path = DataManager.swift; sourceTree = "<group>"; };
		991CC25D2102118700C8E965 /* Router.swift */ = {isa = PBXFileReference; lastKnownFileType = sourcecode.swift; path = Router.swift; sourceTree = "<group>"; };
		991CC25F210211CB00C8E965 /* Travel.swift */ = {isa = PBXFileReference; lastKnownFileType = sourcecode.swift; path = Travel.swift; sourceTree = "<group>"; };
		991CC261210211DF00C8E965 /* TravelViewModel.swift */ = {isa = PBXFileReference; lastKnownFileType = sourcecode.swift; path = TravelViewModel.swift; sourceTree = "<group>"; };
		991CC265210212C900C8E965 /* TravelViewController.swift */ = {isa = PBXFileReference; lastKnownFileType = sourcecode.swift; path = TravelViewController.swift; sourceTree = "<group>"; };
		991CC266210212C900C8E965 /* TravelViewController.xib */ = {isa = PBXFileReference; lastKnownFileType = file.xib; path = TravelViewController.xib; sourceTree = "<group>"; };
		991CC2692102131700C8E965 /* BaseNavigationController.swift */ = {isa = PBXFileReference; lastKnownFileType = sourcecode.swift; path = BaseNavigationController.swift; sourceTree = "<group>"; };
		991CC26B2102135900C8E965 /* TravelNavigationController.swift */ = {isa = PBXFileReference; lastKnownFileType = sourcecode.swift; path = TravelNavigationController.swift; sourceTree = "<group>"; };
		991CC26F21025BD000C8E965 /* LoadingView.swift */ = {isa = PBXFileReference; lastKnownFileType = sourcecode.swift; path = LoadingView.swift; sourceTree = "<group>"; };
		9972ABDE21033AE900425A60 /* TravelImageCell.swift */ = {isa = PBXFileReference; lastKnownFileType = sourcecode.swift; path = TravelImageCell.swift; sourceTree = "<group>"; };
		9972ABDF21033AE900425A60 /* TravelImageCell.xib */ = {isa = PBXFileReference; lastKnownFileType = file.xib; path = TravelImageCell.xib; sourceTree = "<group>"; };
		99AB60612103AF7C0093BEAF /* TravelDetailViewController.swift */ = {isa = PBXFileReference; lastKnownFileType = sourcecode.swift; path = TravelDetailViewController.swift; sourceTree = "<group>"; };
		99AB60622103AF7C0093BEAF /* TravelDetailViewController.xib */ = {isa = PBXFileReference; lastKnownFileType = file.xib; path = TravelDetailViewController.xib; sourceTree = "<group>"; };
		99AB60702104AF7F0093BEAF /* Protocols.swift */ = {isa = PBXFileReference; lastKnownFileType = sourcecode.swift; path = Protocols.swift; sourceTree = "<group>"; };
		99BAB25921031963001F9FC1 /* DarkNavigationController.swift */ = {isa = PBXFileReference; lastKnownFileType = sourcecode.swift; path = DarkNavigationController.swift; sourceTree = "<group>"; };
		99BAB25E21031CCC001F9FC1 /* TravelTitleCell.swift */ = {isa = PBXFileReference; lastKnownFileType = sourcecode.swift; path = TravelTitleCell.swift; sourceTree = "<group>"; };
		99BAB25F21031CCC001F9FC1 /* TravelTitleCell.xib */ = {isa = PBXFileReference; lastKnownFileType = file.xib; path = TravelTitleCell.xib; sourceTree = "<group>"; };
		99BAB26621031D8D001F9FC1 /* Extensions.swift */ = {isa = PBXFileReference; lastKnownFileType = sourcecode.swift; path = Extensions.swift; sourceTree = "<group>"; };
		A92C39AC079E475E770B4207 /* Pods-SkylineTest.debug.xcconfig */ = {isa = PBXFileReference; includeInIndex = 1; lastKnownFileType = text.xcconfig; name = "Pods-SkylineTest.debug.xcconfig"; path = "Pods/Target Support Files/Pods-SkylineTest/Pods-SkylineTest.debug.xcconfig"; sourceTree = "<group>"; };
		E3C076D3235D2F7E777DF30B /* Pods-SkylineTest.release.xcconfig */ = {isa = PBXFileReference; includeInIndex = 1; lastKnownFileType = text.xcconfig; name = "Pods-SkylineTest.release.xcconfig"; path = "Pods/Target Support Files/Pods-SkylineTest/Pods-SkylineTest.release.xcconfig"; sourceTree = "<group>"; };
/* End PBXFileReference section */

/* Begin PBXFrameworksBuildPhase section */
		991CC2432102112A00C8E965 /* Frameworks */ = {
			isa = PBXFrameworksBuildPhase;
			buildActionMask = 2147483647;
			files = (
				016E61C849BF9C1900FC88BF /* Pods_SkylineTest.framework in Frameworks */,
			);
			runOnlyForDeploymentPostprocessing = 0;
		};
/* End PBXFrameworksBuildPhase section */

/* Begin PBXGroup section */
		07F6495479A1B13A7C4F5507 /* Frameworks */ = {
			isa = PBXGroup;
			children = (
				339DED624FC60B4EA562A1BA /* Pods_SkylineTest.framework */,
			);
			name = Frameworks;
			sourceTree = "<group>";
		};
		168895B0EA85C17BCFF5BA30 /* Pods */ = {
			isa = PBXGroup;
			children = (
				A92C39AC079E475E770B4207 /* Pods-SkylineTest.debug.xcconfig */,
				E3C076D3235D2F7E777DF30B /* Pods-SkylineTest.release.xcconfig */,
			);
			name = Pods;
			sourceTree = "<group>";
		};
		991CC23D2102112900C8E965 = {
			isa = PBXGroup;
			children = (
				991CC2482102112A00C8E965 /* SkylineTest */,
				991CC2472102112A00C8E965 /* Products */,
				168895B0EA85C17BCFF5BA30 /* Pods */,
				07F6495479A1B13A7C4F5507 /* Frameworks */,
			);
			sourceTree = "<group>";
		};
		991CC2472102112A00C8E965 /* Products */ = {
			isa = PBXGroup;
			children = (
				991CC2462102112A00C8E965 /* SkylineTest.app */,
			);
			name = Products;
			sourceTree = "<group>";
		};
		991CC2482102112A00C8E965 /* SkylineTest */ = {
			isa = PBXGroup;
			children = (
				991CC2492102112A00C8E965 /* AppDelegate.swift */,
				991CC2502102112E00C8E965 /* Assets.xcassets */,
				991CC2522102112E00C8E965 /* LaunchScreen.storyboard */,
				991CC2552102112E00C8E965 /* Info.plist */,
				991CC26D2102137C00C8E965 /* Base */,
				991CC26E2102138B00C8E965 /* Navigation */,
				991CC2642102120F00C8E965 /* Model */,
				99BAB26821031DA3001F9FC1 /* View */,
				991CC263210211E700C8E965 /* ViewModel */,
				99BAB25D21031C90001F9FC1 /* ViewController */,
				99AB606D2104A3410093BEAF /* Utilities */,
			);
			path = SkylineTest;
			sourceTree = "<group>";
		};
		991CC263210211E700C8E965 /* ViewModel */ = {
			isa = PBXGroup;
			children = (
				991CC261210211DF00C8E965 /* TravelViewModel.swift */,
			);
			path = ViewModel;
			sourceTree = "<group>";
		};
		991CC2642102120F00C8E965 /* Model */ = {
			isa = PBXGroup;
			children = (
				991CC25B2102117300C8E965 /* DataManager.swift */,
				991CC25D2102118700C8E965 /* Router.swift */,
				991CC25F210211CB00C8E965 /* Travel.swift */,
			);
			path = Model;
			sourceTree = "<group>";
		};
		991CC26D2102137C00C8E965 /* Base */ = {
			isa = PBXGroup;
			children = (
				991CC2692102131700C8E965 /* BaseNavigationController.swift */,
			);
			path = Base;
			sourceTree = "<group>";
		};
		991CC26E2102138B00C8E965 /* Navigation */ = {
			isa = PBXGroup;
			children = (
				99BAB25921031963001F9FC1 /* DarkNavigationController.swift */,
				991CC26B2102135900C8E965 /* TravelNavigationController.swift */,
			);
			path = Navigation;
			sourceTree = "<group>";
		};
		99AB606D2104A3410093BEAF /* Utilities */ = {
			isa = PBXGroup;
			children = (
				991CC26F21025BD000C8E965 /* LoadingView.swift */,
				99BAB26621031D8D001F9FC1 /* Extensions.swift */,
				99AB60702104AF7F0093BEAF /* Protocols.swift */,
			);
			path = Utilities;
			sourceTree = "<group>";
		};
		99BAB25D21031C90001F9FC1 /* ViewController */ = {
			isa = PBXGroup;
			children = (
				991CC265210212C900C8E965 /* TravelViewController.swift */,
				991CC266210212C900C8E965 /* TravelViewController.xib */,
				99AB60612103AF7C0093BEAF /* TravelDetailViewController.swift */,
				99AB60622103AF7C0093BEAF /* TravelDetailViewController.xib */,
			);
			path = ViewController;
			sourceTree = "<group>";
		};
		99BAB26821031DA3001F9FC1 /* View */ = {
			isa = PBXGroup;
			children = (
				99BAB25E21031CCC001F9FC1 /* TravelTitleCell.swift */,
				99BAB25F21031CCC001F9FC1 /* TravelTitleCell.xib */,
				9972ABDE21033AE900425A60 /* TravelImageCell.swift */,
				9972ABDF21033AE900425A60 /* TravelImageCell.xib */,
			);
			path = View;
			sourceTree = "<group>";
		};
/* End PBXGroup section */

/* Begin PBXNativeTarget section */
		991CC2452102112A00C8E965 /* SkylineTest */ = {
			isa = PBXNativeTarget;
			buildConfigurationList = 991CC2582102112E00C8E965 /* Build configuration list for PBXNativeTarget "SkylineTest" */;
			buildPhases = (
				9CE5F199AC7BB781B0FD1E37 /* [CP] Check Pods Manifest.lock */,
				991CC2422102112A00C8E965 /* Sources */,
				991CC2432102112A00C8E965 /* Frameworks */,
				991CC2442102112A00C8E965 /* Resources */,
				5FB83E98B251471138AB3B6C /* [CP] Embed Pods Frameworks */,
			);
			buildRules = (
			);
			dependencies = (
			);
			name = SkylineTest;
			productName = SkylineTest;
			productReference = 991CC2462102112A00C8E965 /* SkylineTest.app */;
			productType = "com.apple.product-type.application";
		};
/* End PBXNativeTarget section */

/* Begin PBXProject section */
		991CC23E2102112900C8E965 /* Project object */ = {
			isa = PBXProject;
			attributes = {
				LastSwiftUpdateCheck = 0940;
				LastUpgradeCheck = 0940;
				ORGANIZATIONNAME = Johnny;
				TargetAttributes = {
					991CC2452102112A00C8E965 = {
						CreatedOnToolsVersion = 9.4;
					};
				};
			};
			buildConfigurationList = 991CC2412102112900C8E965 /* Build configuration list for PBXProject "SkylineTest" */;
			compatibilityVersion = "Xcode 9.3";
			developmentRegion = en;
			hasScannedForEncodings = 0;
			knownRegions = (
				en,
				Base,
			);
			mainGroup = 991CC23D2102112900C8E965;
			productRefGroup = 991CC2472102112A00C8E965 /* Products */;
			projectDirPath = "";
			projectRoot = "";
			targets = (
				991CC2452102112A00C8E965 /* SkylineTest */,
			);
		};
/* End PBXProject section */

/* Begin PBXResourcesBuildPhase section */
		991CC2442102112A00C8E965 /* Resources */ = {
			isa = PBXResourcesBuildPhase;
			buildActionMask = 2147483647;
			files = (
				991CC2542102112E00C8E965 /* LaunchScreen.storyboard in Resources */,
				99BAB26121031CCC001F9FC1 /* TravelTitleCell.xib in Resources */,
				991CC2512102112E00C8E965 /* Assets.xcassets in Resources */,
				99AB60642103AF7C0093BEAF /* TravelDetailViewController.xib in Resources */,
				9972ABE121033AE900425A60 /* TravelImageCell.xib in Resources */,
				991CC268210212C900C8E965 /* TravelViewController.xib in Resources */,
			);
			runOnlyForDeploymentPostprocessing = 0;
		};
/* End PBXResourcesBuildPhase section */

/* Begin PBXShellScriptBuildPhase section */
		5FB83E98B251471138AB3B6C /* [CP] Embed Pods Frameworks */ = {
			isa = PBXShellScriptBuildPhase;
			buildActionMask = 2147483647;
			files = (
			);
			inputPaths = (
				"${SRCROOT}/Pods/Target Support Files/Pods-SkylineTest/Pods-SkylineTest-frameworks.sh",
				"${BUILT_PRODUCTS_DIR}/Kingfisher/Kingfisher.framework",
			);
			name = "[CP] Embed Pods Frameworks";
			outputPaths = (
				"${TARGET_BUILD_DIR}/${FRAMEWORKS_FOLDER_PATH}/Kingfisher.framework",
			);
			runOnlyForDeploymentPostprocessing = 0;
			shellPath = /bin/sh;
			shellScript = "\"${SRCROOT}/Pods/Target Support Files/Pods-SkylineTest/Pods-SkylineTest-frameworks.sh\"\n";
			showEnvVarsInLog = 0;
		};
		9CE5F199AC7BB781B0FD1E37 /* [CP] Check Pods Manifest.lock */ = {
			isa = PBXShellScriptBuildPhase;
			buildActionMask = 2147483647;
			files = (
			);
			inputPaths = (
				"${PODS_PODFILE_DIR_PATH}/Podfile.lock",
				"${PODS_ROOT}/Manifest.lock",
			);
			name = "[CP] Check Pods Manifest.lock";
			outputPaths = (
				"$(DERIVED_FILE_DIR)/Pods-SkylineTest-checkManifestLockResult.txt",
			);
			runOnlyForDeploymentPostprocessing = 0;
			shellPath = /bin/sh;
			shellScript = "diff \"${PODS_PODFILE_DIR_PATH}/Podfile.lock\" \"${PODS_ROOT}/Manifest.lock\" > /dev/null\nif [ $? != 0 ] ; then\n    # print error to STDERR\n    echo \"error: The sandbox is not in sync with the Podfile.lock. Run 'pod install' or update your CocoaPods installation.\" >&2\n    exit 1\nfi\n# This output is used by Xcode 'outputs' to avoid re-running this script phase.\necho \"SUCCESS\" > \"${SCRIPT_OUTPUT_FILE_0}\"\n";
			showEnvVarsInLog = 0;
		};
/* End PBXShellScriptBuildPhase section */

/* Begin PBXSourcesBuildPhase section */
		991CC2422102112A00C8E965 /* Sources */ = {
			isa = PBXSourcesBuildPhase;
			buildActionMask = 2147483647;
			files = (
				99AB60712104AF7F0093BEAF /* Protocols.swift in Sources */,
				99BAB26021031CCC001F9FC1 /* TravelTitleCell.swift in Sources */,
				991CC26A2102131700C8E965 /* BaseNavigationController.swift in Sources */,
				991CC25E2102118700C8E965 /* Router.swift in Sources */,
				991CC26C2102135900C8E965 /* TravelNavigationController.swift in Sources */,
				9972ABE021033AE900425A60 /* TravelImageCell.swift in Sources */,
				991CC267210212C900C8E965 /* TravelViewController.swift in Sources */,
				99BAB25A21031963001F9FC1 /* DarkNavigationController.swift in Sources */,
				991CC27021025BD000C8E965 /* LoadingView.swift in Sources */,
				991CC25C2102117300C8E965 /* DataManager.swift in Sources */,
				991CC262210211DF00C8E965 /* TravelViewModel.swift in Sources */,
				99AB60632103AF7C0093BEAF /* TravelDetailViewController.swift in Sources */,
				991CC260210211CB00C8E965 /* Travel.swift in Sources */,
				991CC24A2102112A00C8E965 /* AppDelegate.swift in Sources */,
				99BAB26721031D8D001F9FC1 /* Extensions.swift in Sources */,
			);
			runOnlyForDeploymentPostprocessing = 0;
		};
/* End PBXSourcesBuildPhase section */

/* Begin PBXVariantGroup section */
		991CC2522102112E00C8E965 /* LaunchScreen.storyboard */ = {
			isa = PBXVariantGroup;
			children = (
				991CC2532102112E00C8E965 /* Base */,
			);
			name = LaunchScreen.storyboard;
			sourceTree = "<group>";
		};
/* End PBXVariantGroup section */

/* Begin XCBuildConfiguration section */
		991CC2562102112E00C8E965 /* Debug */ = {
			isa = XCBuildConfiguration;
			buildSettings = {
				ALWAYS_SEARCH_USER_PATHS = NO;
				CLANG_ANALYZER_NONNULL = YES;
				CLANG_ANALYZER_NUMBER_OBJECT_CONVERSION = YES_AGGRESSIVE;
				CLANG_CXX_LANGUAGE_STANDARD = "gnu++14";
				CLANG_CXX_LIBRARY = "libc++";
				CLANG_ENABLE_MODULES = YES;
				CLANG_ENABLE_OBJC_ARC = YES;
				CLANG_ENABLE_OBJC_WEAK = YES;
				CLANG_WARN_BLOCK_CAPTURE_AUTORELEASING = YES;
				CLANG_WARN_BOOL_CONVERSION = YES;
				CLANG_WARN_COMMA = YES;
				CLANG_WARN_CONSTANT_CONVERSION = YES;
				CLANG_WARN_DEPRECATED_OBJC_IMPLEMENTATIONS = YES;
				CLANG_WARN_DIRECT_OBJC_ISA_USAGE = YES_ERROR;
				CLANG_WARN_DOCUMENTATION_COMMENTS = YES;
				CLANG_WARN_EMPTY_BODY = YES;
				CLANG_WARN_ENUM_CONVERSION = YES;
				CLANG_WARN_INFINITE_RECURSION = YES;
				CLANG_WARN_INT_CONVERSION = YES;
				CLANG_WARN_NON_LITERAL_NULL_CONVERSION = YES;
				CLANG_WARN_OBJC_IMPLICIT_RETAIN_SELF = YES;
				CLANG_WARN_OBJC_LITERAL_CONVERSION = YES;
				CLANG_WARN_OBJC_ROOT_CLASS = YES_ERROR;
				CLANG_WARN_RANGE_LOOP_ANALYSIS = YES;
				CLANG_WARN_STRICT_PROTOTYPES = YES;
				CLANG_WARN_SUSPICIOUS_MOVE = YES;
				CLANG_WARN_UNGUARDED_AVAILABILITY = YES_AGGRESSIVE;
				CLANG_WARN_UNREACHABLE_CODE = YES;
				CLANG_WARN__DUPLICATE_METHOD_MATCH = YES;
				CODE_SIGN_IDENTITY = "iPhone Developer";
				COPY_PHASE_STRIP = NO;
				DEBUG_INFORMATION_FORMAT = dwarf;
				ENABLE_STRICT_OBJC_MSGSEND = YES;
				ENABLE_TESTABILITY = YES;
				GCC_C_LANGUAGE_STANDARD = gnu11;
				GCC_DYNAMIC_NO_PIC = NO;
				GCC_NO_COMMON_BLOCKS = YES;
				GCC_OPTIMIZATION_LEVEL = 0;
				GCC_PREPROCESSOR_DEFINITIONS = (
					"DEBUG=1",
					"$(inherited)",
				);
				GCC_WARN_64_TO_32_BIT_CONVERSION = YES;
				GCC_WARN_ABOUT_RETURN_TYPE = YES_ERROR;
				GCC_WARN_UNDECLARED_SELECTOR = YES;
				GCC_WARN_UNINITIALIZED_AUTOS = YES_AGGRESSIVE;
				GCC_WARN_UNUSED_FUNCTION = YES;
				GCC_WARN_UNUSED_VARIABLE = YES;
				IPHONEOS_DEPLOYMENT_TARGET = 11.4;
				MTL_ENABLE_DEBUG_INFO = YES;
				ONLY_ACTIVE_ARCH = YES;
				SDKROOT = iphoneos;
				SWIFT_ACTIVE_COMPILATION_CONDITIONS = DEBUG;
				SWIFT_OPTIMIZATION_LEVEL = "-Onone";
			};
			name = Debug;
		};
		991CC2572102112E00C8E965 /* Release */ = {
			isa = XCBuildConfiguration;
			buildSettings = {
				ALWAYS_SEARCH_USER_PATHS = NO;
				CLANG_ANALYZER_NONNULL = YES;
				CLANG_ANALYZER_NUMBER_OBJECT_CONVERSION = YES_AGGRESSIVE;
				CLANG_CXX_LANGUAGE_STANDARD = "gnu++14";
				CLANG_CXX_LIBRARY = "libc++";
				CLANG_ENABLE_MODULES = YES;
				CLANG_ENABLE_OBJC_ARC = YES;
				CLANG_ENABLE_OBJC_WEAK = YES;
				CLANG_WARN_BLOCK_CAPTURE_AUTORELEASING = YES;
				CLANG_WARN_BOOL_CONVERSION = YES;
				CLANG_WARN_COMMA = YES;
				CLANG_WARN_CONSTANT_CONVERSION = YES;
				CLANG_WARN_DEPRECATED_OBJC_IMPLEMENTATIONS = YES;
				CLANG_WARN_DIRECT_OBJC_ISA_USAGE = YES_ERROR;
				CLANG_WARN_DOCUMENTATION_COMMENTS = YES;
				CLANG_WARN_EMPTY_BODY = YES;
				CLANG_WARN_ENUM_CONVERSION = YES;
				CLANG_WARN_INFINITE_RECURSION = YES;
				CLANG_WARN_INT_CONVERSION = YES;
				CLANG_WARN_NON_LITERAL_NULL_CONVERSION = YES;
				CLANG_WARN_OBJC_IMPLICIT_RETAIN_SELF = YES;
				CLANG_WARN_OBJC_LITERAL_CONVERSION = YES;
				CLANG_WARN_OBJC_ROOT_CLASS = YES_ERROR;
				CLANG_WARN_RANGE_LOOP_ANALYSIS = YES;
				CLANG_WARN_STRICT_PROTOTYPES = YES;
				CLANG_WARN_SUSPICIOUS_MOVE = YES;
				CLANG_WARN_UNGUARDED_AVAILABILITY = YES_AGGRESSIVE;
				CLANG_WARN_UNREACHABLE_CODE = YES;
				CLANG_WARN__DUPLICATE_METHOD_MATCH = YES;
				CODE_SIGN_IDENTITY = "iPhone Developer";
				COPY_PHASE_STRIP = NO;
				DEBUG_INFORMATION_FORMAT = "dwarf-with-dsym";
				ENABLE_NS_ASSERTIONS = NO;
				ENABLE_STRICT_OBJC_MSGSEND = YES;
				GCC_C_LANGUAGE_STANDARD = gnu11;
				GCC_NO_COMMON_BLOCKS = YES;
				GCC_WARN_64_TO_32_BIT_CONVERSION = YES;
				GCC_WARN_ABOUT_RETURN_TYPE = YES_ERROR;
				GCC_WARN_UNDECLARED_SELECTOR = YES;
				GCC_WARN_UNINITIALIZED_AUTOS = YES_AGGRESSIVE;
				GCC_WARN_UNUSED_FUNCTION = YES;
				GCC_WARN_UNUSED_VARIABLE = YES;
				IPHONEOS_DEPLOYMENT_TARGET = 11.4;
				MTL_ENABLE_DEBUG_INFO = NO;
				SDKROOT = iphoneos;
				SWIFT_COMPILATION_MODE = wholemodule;
				SWIFT_OPTIMIZATION_LEVEL = "-O";
				VALIDATE_PRODUCT = YES;
			};
			name = Release;
		};
		991CC2592102112E00C8E965 /* Debug */ = {
			isa = XCBuildConfiguration;
			baseConfigurationReference = A92C39AC079E475E770B4207 /* Pods-SkylineTest.debug.xcconfig */;
			buildSettings = {
				ASSETCATALOG_COMPILER_APPICON_NAME = AppIcon;
				CODE_SIGN_STYLE = Automatic;
				DEVELOPMENT_TEAM = ANVJ832C4F;
				INFOPLIST_FILE = SkylineTest/Info.plist;
				IPHONEOS_DEPLOYMENT_TARGET = 10.0;
				LD_RUNPATH_SEARCH_PATHS = (
					"$(inherited)",
					"@executable_path/Frameworks",
				);
				PRODUCT_BUNDLE_IDENTIFIER = com.john.SkylineTest;
				PRODUCT_NAME = "$(TARGET_NAME)";
				SWIFT_VERSION = 4.0;
				TARGETED_DEVICE_FAMILY = 1;
			};
			name = Debug;
		};
		991CC25A2102112E00C8E965 /* Release */ = {
			isa = XCBuildConfiguration;
			baseConfigurationReference = E3C076D3235D2F7E777DF30B /* Pods-SkylineTest.release.xcconfig */;
			buildSettings = {
				ASSETCATALOG_COMPILER_APPICON_NAME = AppIcon;
				CODE_SIGN_STYLE = Automatic;
				DEVELOPMENT_TEAM = ANVJ832C4F;
				INFOPLIST_FILE = SkylineTest/Info.plist;
				IPHONEOS_DEPLOYMENT_TARGET = 10.0;
				LD_RUNPATH_SEARCH_PATHS = (
					"$(inherited)",
					"@executable_path/Frameworks",
				);
				PRODUCT_BUNDLE_IDENTIFIER = com.john.SkylineTest;
				PRODUCT_NAME = "$(TARGET_NAME)";
				SWIFT_VERSION = 4.0;
				TARGETED_DEVICE_FAMILY = 1;
			};
			name = Release;
		};
/* End XCBuildConfiguration section */

/* Begin XCConfigurationList section */
		991CC2412102112900C8E965 /* Build configuration list for PBXProject "SkylineTest" */ = {
			isa = XCConfigurationList;
			buildConfigurations = (
				991CC2562102112E00C8E965 /* Debug */,
				991CC2572102112E00C8E965 /* Release */,
			);
			defaultConfigurationIsVisible = 0;
			defaultConfigurationName = Release;
		};
		991CC2582102112E00C8E965 /* Build configuration list for PBXNativeTarget "SkylineTest" */ = {
			isa = XCConfigurationList;
			buildConfigurations = (
				991CC2592102112E00C8E965 /* Debug */,
				991CC25A2102112E00C8E965 /* Release */,
			);
			defaultConfigurationIsVisible = 0;
			defaultConfigurationName = Release;
		};
/* End XCConfigurationList section */
	};
	rootObject = 991CC23E2102112900C8E965 /* Project object */;
}
